// !$*UTF8*$!
{
	archiveVersion = 1;
	classes = {
	};
	objectVersion = 50;
	objects = {

/* Begin PBXBuildFile section */
		1A5DEA8C2530C7A600ED46A7 /* AppDelegate.swift in Sources */ = {isa = PBXBuildFile; fileRef = 1A5DEA8B2530C7A600ED46A7 /* AppDelegate.swift */; };
		1A5DEA8E2530C7A600ED46A7 /* SceneDelegate.swift in Sources */ = {isa = PBXBuildFile; fileRef = 1A5DEA8D2530C7A600ED46A7 /* SceneDelegate.swift */; };
		1A5DEA902530C7A600ED46A7 /* ViewController.swift in Sources */ = {isa = PBXBuildFile; fileRef = 1A5DEA8F2530C7A600ED46A7 /* ViewController.swift */; };
		1A5DEA932530C7A600ED46A7 /* SoundCloudWave.xcdatamodeld in Sources */ = {isa = PBXBuildFile; fileRef = 1A5DEA912530C7A600ED46A7 /* SoundCloudWave.xcdatamodeld */; };
		1A5DEA952530C7A900ED46A7 /* Assets.xcassets in Resources */ = {isa = PBXBuildFile; fileRef = 1A5DEA942530C7A900ED46A7 /* Assets.xcassets */; };
		1A5DEA982530C7A900ED46A7 /* LaunchScreen.storyboard in Resources */ = {isa = PBXBuildFile; fileRef = 1A5DEA962530C7A900ED46A7 /* LaunchScreen.storyboard */; };
		1A5DEAA32530C7A900ED46A7 /* SoundCloudWaveTests.swift in Sources */ = {isa = PBXBuildFile; fileRef = 1A5DEAA22530C7A900ED46A7 /* SoundCloudWaveTests.swift */; };
		1A5DEAAE2530C7A900ED46A7 /* SoundCloudWaveUITests.swift in Sources */ = {isa = PBXBuildFile; fileRef = 1A5DEAAD2530C7A900ED46A7 /* SoundCloudWaveUITests.swift */; };
		1A5DEAB92530C7A900ED46A7 /* SoundCloudWaveTests.swift in Sources */ = {isa = PBXBuildFile; fileRef = 1A5DEAB82530C7A900ED46A7 /* SoundCloudWaveTests.swift */; };
		1A5DEAC42530C7A900ED46A7 /* SoundCloudWaveUITests.swift in Sources */ = {isa = PBXBuildFile; fileRef = 1A5DEAC32530C7A900ED46A7 /* SoundCloudWaveUITests.swift */; };
/* End PBXBuildFile section */

/* Begin PBXContainerItemProxy section */
		1A5DEA9F2530C7A900ED46A7 /* PBXContainerItemProxy */ = {
			isa = PBXContainerItemProxy;
			containerPortal = 1A5DEA802530C7A600ED46A7 /* Project object */;
			proxyType = 1;
			remoteGlobalIDString = 1A5DEA872530C7A600ED46A7;
			remoteInfo = SoundCloudWave;
		};
		1A5DEAAA2530C7A900ED46A7 /* PBXContainerItemProxy */ = {
			isa = PBXContainerItemProxy;
			containerPortal = 1A5DEA802530C7A600ED46A7 /* Project object */;
			proxyType = 1;
			remoteGlobalIDString = 1A5DEA872530C7A600ED46A7;
			remoteInfo = SoundCloudWave;
		};
		1A5DEAB52530C7A900ED46A7 /* PBXContainerItemProxy */ = {
			isa = PBXContainerItemProxy;
			containerPortal = 1A5DEA802530C7A600ED46A7 /* Project object */;
			proxyType = 1;
			remoteGlobalIDString = 1A5DEA872530C7A600ED46A7;
			remoteInfo = SoundCloudWave;
		};
		1A5DEAC02530C7A900ED46A7 /* PBXContainerItemProxy */ = {
			isa = PBXContainerItemProxy;
			containerPortal = 1A5DEA802530C7A600ED46A7 /* Project object */;
			proxyType = 1;
			remoteGlobalIDString = 1A5DEA872530C7A600ED46A7;
			remoteInfo = SoundCloudWave;
		};
/* End PBXContainerItemProxy section */

/* Begin PBXFileReference section */
		1A5DEA882530C7A600ED46A7 /* SoundCloudWave.app */ = {isa = PBXFileReference; explicitFileType = wrapper.application; includeInIndex = 0; path = SoundCloudWave.app; sourceTree = BUILT_PRODUCTS_DIR; };
		1A5DEA8B2530C7A600ED46A7 /* AppDelegate.swift */ = {isa = PBXFileReference; lastKnownFileType = sourcecode.swift; path = AppDelegate.swift; sourceTree = "<group>"; };
		1A5DEA8D2530C7A600ED46A7 /* SceneDelegate.swift */ = {isa = PBXFileReference; lastKnownFileType = sourcecode.swift; path = SceneDelegate.swift; sourceTree = "<group>"; };
		1A5DEA8F2530C7A600ED46A7 /* ViewController.swift */ = {isa = PBXFileReference; lastKnownFileType = sourcecode.swift; path = ViewController.swift; sourceTree = "<group>"; };
		1A5DEA922530C7A600ED46A7 /* SoundCloudWave.xcdatamodel */ = {isa = PBXFileReference; lastKnownFileType = wrapper.xcdatamodel; path = SoundCloudWave.xcdatamodel; sourceTree = "<group>"; };
		1A5DEA942530C7A900ED46A7 /* Assets.xcassets */ = {isa = PBXFileReference; lastKnownFileType = folder.assetcatalog; path = Assets.xcassets; sourceTree = "<group>"; };
		1A5DEA972530C7A900ED46A7 /* Base */ = {isa = PBXFileReference; lastKnownFileType = file.storyboard; name = Base; path = Base.lproj/LaunchScreen.storyboard; sourceTree = "<group>"; };
		1A5DEA992530C7A900ED46A7 /* Info.plist */ = {isa = PBXFileReference; lastKnownFileType = text.plist.xml; path = Info.plist; sourceTree = "<group>"; };
		1A5DEA9E2530C7A900ED46A7 /* SoundCloudWaveTests.xctest */ = {isa = PBXFileReference; explicitFileType = wrapper.cfbundle; includeInIndex = 0; path = SoundCloudWaveTests.xctest; sourceTree = BUILT_PRODUCTS_DIR; };
		1A5DEAA22530C7A900ED46A7 /* SoundCloudWaveTests.swift */ = {isa = PBXFileReference; lastKnownFileType = sourcecode.swift; path = SoundCloudWaveTests.swift; sourceTree = "<group>"; };
		1A5DEAA42530C7A900ED46A7 /* Info.plist */ = {isa = PBXFileReference; lastKnownFileType = text.plist.xml; path = Info.plist; sourceTree = "<group>"; };
		1A5DEAA92530C7A900ED46A7 /* SoundCloudWaveUITests.xctest */ = {isa = PBXFileReference; explicitFileType = wrapper.cfbundle; includeInIndex = 0; path = SoundCloudWaveUITests.xctest; sourceTree = BUILT_PRODUCTS_DIR; };
		1A5DEAAD2530C7A900ED46A7 /* SoundCloudWaveUITests.swift */ = {isa = PBXFileReference; lastKnownFileType = sourcecode.swift; path = SoundCloudWaveUITests.swift; sourceTree = "<group>"; };
		1A5DEAAF2530C7A900ED46A7 /* Info.plist */ = {isa = PBXFileReference; lastKnownFileType = text.plist.xml; path = Info.plist; sourceTree = "<group>"; };
		1A5DEAB42530C7A900ED46A7 /* SoundCloudWaveTests.xctest */ = {isa = PBXFileReference; explicitFileType = wrapper.cfbundle; includeInIndex = 0; path = SoundCloudWaveTests.xctest; sourceTree = BUILT_PRODUCTS_DIR; };
		1A5DEAB82530C7A900ED46A7 /* SoundCloudWaveTests.swift */ = {isa = PBXFileReference; lastKnownFileType = sourcecode.swift; path = SoundCloudWaveTests.swift; sourceTree = "<group>"; };
		1A5DEABA2530C7A900ED46A7 /* Info.plist */ = {isa = PBXFileReference; lastKnownFileType = text.plist.xml; path = Info.plist; sourceTree = "<group>"; };
		1A5DEABF2530C7A900ED46A7 /* SoundCloudWaveUITests.xctest */ = {isa = PBXFileReference; explicitFileType = wrapper.cfbundle; includeInIndex = 0; path = SoundCloudWaveUITests.xctest; sourceTree = BUILT_PRODUCTS_DIR; };
		1A5DEAC32530C7A900ED46A7 /* SoundCloudWaveUITests.swift */ = {isa = PBXFileReference; lastKnownFileType = sourcecode.swift; path = SoundCloudWaveUITests.swift; sourceTree = "<group>"; };
		1A5DEAC52530C7A900ED46A7 /* Info.plist */ = {isa = PBXFileReference; lastKnownFileType = text.plist.xml; path = Info.plist; sourceTree = "<group>"; };
/* End PBXFileReference section */

/* Begin PBXFrameworksBuildPhase section */
		1A5DEA852530C7A600ED46A7 /* Frameworks */ = {
			isa = PBXFrameworksBuildPhase;
			buildActionMask = 2147483647;
			files = (
			);
			runOnlyForDeploymentPostprocessing = 0;
		};
		1A5DEA9B2530C7A900ED46A7 /* Frameworks */ = {
			isa = PBXFrameworksBuildPhase;
			buildActionMask = 2147483647;
			files = (
			);
			runOnlyForDeploymentPostprocessing = 0;
		};
		1A5DEAA62530C7A900ED46A7 /* Frameworks */ = {
			isa = PBXFrameworksBuildPhase;
			buildActionMask = 2147483647;
			files = (
			);
			runOnlyForDeploymentPostprocessing = 0;
		};
		1A5DEAB12530C7A900ED46A7 /* Frameworks */ = {
			isa = PBXFrameworksBuildPhase;
			buildActionMask = 2147483647;
			files = (
			);
			runOnlyForDeploymentPostprocessing = 0;
		};
		1A5DEABC2530C7A900ED46A7 /* Frameworks */ = {
			isa = PBXFrameworksBuildPhase;
			buildActionMask = 2147483647;
			files = (
			);
			runOnlyForDeploymentPostprocessing = 0;
		};
/* End PBXFrameworksBuildPhase section */

/* Begin PBXGroup section */
		1A5DEA7F2530C7A600ED46A7 = {
			isa = PBXGroup;
			children = (
				1A5DEA8A2530C7A600ED46A7 /* SoundCloudWave */,
				1A5DEAA12530C7A900ED46A7 /* SoundCloudWaveTests */,
				1A5DEAAC2530C7A900ED46A7 /* SoundCloudWaveUITests */,
				1A5DEAB72530C7A900ED46A7 /* SoundCloudWaveTests */,
				1A5DEAC22530C7A900ED46A7 /* SoundCloudWaveUITests */,
				1A5DEA892530C7A600ED46A7 /* Products */,
			);
			sourceTree = "<group>";
		};
		1A5DEA892530C7A600ED46A7 /* Products */ = {
			isa = PBXGroup;
			children = (
				1A5DEA882530C7A600ED46A7 /* SoundCloudWave.app */,
				1A5DEA9E2530C7A900ED46A7 /* SoundCloudWaveTests.xctest */,
				1A5DEAA92530C7A900ED46A7 /* SoundCloudWaveUITests.xctest */,
				1A5DEAB42530C7A900ED46A7 /* SoundCloudWaveTests.xctest */,
				1A5DEABF2530C7A900ED46A7 /* SoundCloudWaveUITests.xctest */,
			);
			name = Products;
			sourceTree = "<group>";
		};
		1A5DEA8A2530C7A600ED46A7 /* SoundCloudWave */ = {
			isa = PBXGroup;
			children = (
				1A5DEA8B2530C7A600ED46A7 /* AppDelegate.swift */,
				1A5DEA8D2530C7A600ED46A7 /* SceneDelegate.swift */,
				1A5DEA8F2530C7A600ED46A7 /* ViewController.swift */,
				1A5DEA942530C7A900ED46A7 /* Assets.xcassets */,
				1A5DEA962530C7A900ED46A7 /* LaunchScreen.storyboard */,
				1A5DEA992530C7A900ED46A7 /* Info.plist */,
				1A5DEA912530C7A600ED46A7 /* SoundCloudWave.xcdatamodeld */,
			);
			path = SoundCloudWave;
			sourceTree = "<group>";
		};
		1A5DEAA12530C7A900ED46A7 /* SoundCloudWaveTests */ = {
			isa = PBXGroup;
			children = (
				1A5DEAA22530C7A900ED46A7 /* SoundCloudWaveTests.swift */,
				1A5DEAA42530C7A900ED46A7 /* Info.plist */,
			);
			path = SoundCloudWaveTests;
			sourceTree = "<group>";
		};
		1A5DEAAC2530C7A900ED46A7 /* SoundCloudWaveUITests */ = {
			isa = PBXGroup;
			children = (
				1A5DEAAD2530C7A900ED46A7 /* SoundCloudWaveUITests.swift */,
				1A5DEAAF2530C7A900ED46A7 /* Info.plist */,
			);
			path = SoundCloudWaveUITests;
			sourceTree = "<group>";
		};
		1A5DEAB72530C7A900ED46A7 /* SoundCloudWaveTests */ = {
			isa = PBXGroup;
			children = (
				1A5DEAB82530C7A900ED46A7 /* SoundCloudWaveTests.swift */,
				1A5DEABA2530C7A900ED46A7 /* Info.plist */,
			);
			path = SoundCloudWaveTests;
			sourceTree = "<group>";
		};
		1A5DEAC22530C7A900ED46A7 /* SoundCloudWaveUITests */ = {
			isa = PBXGroup;
			children = (
				1A5DEAC32530C7A900ED46A7 /* SoundCloudWaveUITests.swift */,
				1A5DEAC52530C7A900ED46A7 /* Info.plist */,
			);
			path = SoundCloudWaveUITests;
			sourceTree = "<group>";
		};
/* End PBXGroup section */

/* Begin PBXNativeTarget section */
		1A5DEA872530C7A600ED46A7 /* SoundCloudWave */ = {
			isa = PBXNativeTarget;
			buildConfigurationList = 1A5DEAC82530C7AA00ED46A7 /* Build configuration list for PBXNativeTarget "SoundCloudWave" */;
			buildPhases = (
				1A5DEA842530C7A600ED46A7 /* Sources */,
				1A5DEA852530C7A600ED46A7 /* Frameworks */,
				1A5DEA862530C7A600ED46A7 /* Resources */,
			);
			buildRules = (
			);
			dependencies = (
			);
			name = SoundCloudWave;
			productName = SoundCloudWave;
			productReference = 1A5DEA882530C7A600ED46A7 /* SoundCloudWave.app */;
			productType = "com.apple.product-type.application";
		};
		1A5DEA9D2530C7A900ED46A7 /* SoundCloudWaveTests */ = {
			isa = PBXNativeTarget;
			buildConfigurationList = 1A5DEACB2530C7AA00ED46A7 /* Build configuration list for PBXNativeTarget "SoundCloudWaveTests" */;
			buildPhases = (
				1A5DEA9A2530C7A900ED46A7 /* Sources */,
				1A5DEA9B2530C7A900ED46A7 /* Frameworks */,
				1A5DEA9C2530C7A900ED46A7 /* Resources */,
			);
			buildRules = (
			);
			dependencies = (
				1A5DEAA02530C7A900ED46A7 /* PBXTargetDependency */,
			);
			name = SoundCloudWaveTests;
			productName = SoundCloudWaveTests;
			productReference = 1A5DEA9E2530C7A900ED46A7 /* SoundCloudWaveTests.xctest */;
			productType = "com.apple.product-type.bundle.unit-test";
		};
		1A5DEAA82530C7A900ED46A7 /* SoundCloudWaveUITests */ = {
			isa = PBXNativeTarget;
			buildConfigurationList = 1A5DEACE2530C7AA00ED46A7 /* Build configuration list for PBXNativeTarget "SoundCloudWaveUITests" */;
			buildPhases = (
				1A5DEAA52530C7A900ED46A7 /* Sources */,
				1A5DEAA62530C7A900ED46A7 /* Frameworks */,
				1A5DEAA72530C7A900ED46A7 /* Resources */,
			);
			buildRules = (
			);
			dependencies = (
				1A5DEAAB2530C7A900ED46A7 /* PBXTargetDependency */,
			);
			name = SoundCloudWaveUITests;
			productName = SoundCloudWaveUITests;
			productReference = 1A5DEAA92530C7A900ED46A7 /* SoundCloudWaveUITests.xctest */;
			productType = "com.apple.product-type.bundle.ui-testing";
		};
		1A5DEAB32530C7A900ED46A7 /* SoundCloudWaveTests */ = {
			isa = PBXNativeTarget;
			buildConfigurationList = 1A5DEAD12530C7AA00ED46A7 /* Build configuration list for PBXNativeTarget "SoundCloudWaveTests" */;
			buildPhases = (
				1A5DEAB02530C7A900ED46A7 /* Sources */,
				1A5DEAB12530C7A900ED46A7 /* Frameworks */,
				1A5DEAB22530C7A900ED46A7 /* Resources */,
			);
			buildRules = (
			);
			dependencies = (
				1A5DEAB62530C7A900ED46A7 /* PBXTargetDependency */,
			);
			name = SoundCloudWaveTests;
			productName = SoundCloudWaveTests;
			productReference = 1A5DEAB42530C7A900ED46A7 /* SoundCloudWaveTests.xctest */;
			productType = "com.apple.product-type.bundle.unit-test";
		};
		1A5DEABE2530C7A900ED46A7 /* SoundCloudWaveUITests */ = {
			isa = PBXNativeTarget;
			buildConfigurationList = 1A5DEAD42530C7AA00ED46A7 /* Build configuration list for PBXNativeTarget "SoundCloudWaveUITests" */;
			buildPhases = (
				1A5DEABB2530C7A900ED46A7 /* Sources */,
				1A5DEABC2530C7A900ED46A7 /* Frameworks */,
				1A5DEABD2530C7A900ED46A7 /* Resources */,
			);
			buildRules = (
			);
			dependencies = (
				1A5DEAC12530C7A900ED46A7 /* PBXTargetDependency */,
			);
			name = SoundCloudWaveUITests;
			productName = SoundCloudWaveUITests;
			productReference = 1A5DEABF2530C7A900ED46A7 /* SoundCloudWaveUITests.xctest */;
			productType = "com.apple.product-type.bundle.ui-testing";
		};
/* End PBXNativeTarget section */

/* Begin PBXProject section */
		1A5DEA802530C7A600ED46A7 /* Project object */ = {
			isa = PBXProject;
			attributes = {
				LastSwiftUpdateCheck = 1130;
				LastUpgradeCheck = 1130;
				ORGANIZATIONNAME = LevinJungstier;
				TargetAttributes = {
					1A5DEA872530C7A600ED46A7 = {
						CreatedOnToolsVersion = 11.3;
					};
					1A5DEA9D2530C7A900ED46A7 = {
						CreatedOnToolsVersion = 11.3;
						TestTargetID = 1A5DEA872530C7A600ED46A7;
					};
					1A5DEAA82530C7A900ED46A7 = {
						CreatedOnToolsVersion = 11.3;
						TestTargetID = 1A5DEA872530C7A600ED46A7;
					};
					1A5DEAB32530C7A900ED46A7 = {
						CreatedOnToolsVersion = 11.3;
						TestTargetID = 1A5DEA872530C7A600ED46A7;
					};
					1A5DEABE2530C7A900ED46A7 = {
						CreatedOnToolsVersion = 11.3;
						TestTargetID = 1A5DEA872530C7A600ED46A7;
					};
				};
			};
			buildConfigurationList = 1A5DEA832530C7A600ED46A7 /* Build configuration list for PBXProject "SoundCloudWave" */;
			compatibilityVersion = "Xcode 9.3";
			developmentRegion = en;
			hasScannedForEncodings = 0;
			knownRegions = (
				en,
				Base,
			);
			mainGroup = 1A5DEA7F2530C7A600ED46A7;
			productRefGroup = 1A5DEA892530C7A600ED46A7 /* Products */;
			projectDirPath = "";
			projectRoot = "";
			targets = (
				1A5DEA872530C7A600ED46A7 /* SoundCloudWave */,
				1A5DEA9D2530C7A900ED46A7 /* SoundCloudWaveTests */,
				1A5DEAA82530C7A900ED46A7 /* SoundCloudWaveUITests */,
				1A5DEAB32530C7A900ED46A7 /* SoundCloudWaveTests */,
				1A5DEABE2530C7A900ED46A7 /* SoundCloudWaveUITests */,
			);
		};
/* End PBXProject section */

/* Begin PBXResourcesBuildPhase section */
		1A5DEA862530C7A600ED46A7 /* Resources */ = {
			isa = PBXResourcesBuildPhase;
			buildActionMask = 2147483647;
			files = (
				1A5DEA952530C7A900ED46A7 /* Assets.xcassets in Resources */,
				1A5DEA982530C7A900ED46A7 /* LaunchScreen.storyboard in Resources */,
			);
			runOnlyForDeploymentPostprocessing = 0;
		};
		1A5DEA9C2530C7A900ED46A7 /* Resources */ = {
			isa = PBXResourcesBuildPhase;
			buildActionMask = 2147483647;
			files = (
			);
			runOnlyForDeploymentPostprocessing = 0;
		};
		1A5DEAA72530C7A900ED46A7 /* Resources */ = {
			isa = PBXResourcesBuildPhase;
			buildActionMask = 2147483647;
			files = (
			);
			runOnlyForDeploymentPostprocessing = 0;
		};
		1A5DEAB22530C7A900ED46A7 /* Resources */ = {
			isa = PBXResourcesBuildPhase;
			buildActionMask = 2147483647;
			files = (
			);
			runOnlyForDeploymentPostprocessing = 0;
		};
		1A5DEABD2530C7A900ED46A7 /* Resources */ = {
			isa = PBXResourcesBuildPhase;
			buildActionMask = 2147483647;
			files = (
			);
			runOnlyForDeploymentPostprocessing = 0;
		};
/* End PBXResourcesBuildPhase section */

/* Begin PBXSourcesBuildPhase section */
		1A5DEA842530C7A600ED46A7 /* Sources */ = {
			isa = PBXSourcesBuildPhase;
			buildActionMask = 2147483647;
			files = (
				1A5DEA902530C7A600ED46A7 /* ViewController.swift in Sources */,
				1A5DEA8C2530C7A600ED46A7 /* AppDelegate.swift in Sources */,
				1A5DEA932530C7A600ED46A7 /* SoundCloudWave.xcdatamodeld in Sources */,
				1A5DEA8E2530C7A600ED46A7 /* SceneDelegate.swift in Sources */,
			);
			runOnlyForDeploymentPostprocessing = 0;
		};
		1A5DEA9A2530C7A900ED46A7 /* Sources */ = {
			isa = PBXSourcesBuildPhase;
			buildActionMask = 2147483647;
			files = (
				1A5DEAA32530C7A900ED46A7 /* SoundCloudWaveTests.swift in Sources */,
			);
			runOnlyForDeploymentPostprocessing = 0;
		};
		1A5DEAA52530C7A900ED46A7 /* Sources */ = {
			isa = PBXSourcesBuildPhase;
			buildActionMask = 2147483647;
			files = (
				1A5DEAAE2530C7A900ED46A7 /* SoundCloudWaveUITests.swift in Sources */,
			);
			runOnlyForDeploymentPostprocessing = 0;
		};
		1A5DEAB02530C7A900ED46A7 /* Sources */ = {
			isa = PBXSourcesBuildPhase;
			buildActionMask = 2147483647;
			files = (
				1A5DEAB92530C7A900ED46A7 /* SoundCloudWaveTests.swift in Sources */,
			);
			runOnlyForDeploymentPostprocessing = 0;
		};
		1A5DEABB2530C7A900ED46A7 /* Sources */ = {
			isa = PBXSourcesBuildPhase;
			buildActionMask = 2147483647;
			files = (
				1A5DEAC42530C7A900ED46A7 /* SoundCloudWaveUITests.swift in Sources */,
			);
			runOnlyForDeploymentPostprocessing = 0;
		};
/* End PBXSourcesBuildPhase section */

/* Begin PBXTargetDependency section */
		1A5DEAA02530C7A900ED46A7 /* PBXTargetDependency */ = {
			isa = PBXTargetDependency;
			target = 1A5DEA872530C7A600ED46A7 /* SoundCloudWave */;
			targetProxy = 1A5DEA9F2530C7A900ED46A7 /* PBXContainerItemProxy */;
		};
		1A5DEAAB2530C7A900ED46A7 /* PBXTargetDependency */ = {
			isa = PBXTargetDependency;
			target = 1A5DEA872530C7A600ED46A7 /* SoundCloudWave */;
			targetProxy = 1A5DEAAA2530C7A900ED46A7 /* PBXContainerItemProxy */;
		};
		1A5DEAB62530C7A900ED46A7 /* PBXTargetDependency */ = {
			isa = PBXTargetDependency;
			target = 1A5DEA872530C7A600ED46A7 /* SoundCloudWave */;
			targetProxy = 1A5DEAB52530C7A900ED46A7 /* PBXContainerItemProxy */;
		};
		1A5DEAC12530C7A900ED46A7 /* PBXTargetDependency */ = {
			isa = PBXTargetDependency;
			target = 1A5DEA872530C7A600ED46A7 /* SoundCloudWave */;
			targetProxy = 1A5DEAC02530C7A900ED46A7 /* PBXContainerItemProxy */;
		};
/* End PBXTargetDependency section */

/* Begin PBXVariantGroup section */
		1A5DEA962530C7A900ED46A7 /* LaunchScreen.storyboard */ = {
			isa = PBXVariantGroup;
			children = (
				1A5DEA972530C7A900ED46A7 /* Base */,
			);
			name = LaunchScreen.storyboard;
			sourceTree = "<group>";
		};
/* End PBXVariantGroup section */

/* Begin XCBuildConfiguration section */
		1A5DEAC62530C7A900ED46A7 /* Debug */ = {
			isa = XCBuildConfiguration;
			buildSettings = {
				ALWAYS_SEARCH_USER_PATHS = NO;
				CLANG_ANALYZER_NONNULL = YES;
				CLANG_ANALYZER_NUMBER_OBJECT_CONVERSION = YES_AGGRESSIVE;
				CLANG_CXX_LANGUAGE_STANDARD = "gnu++14";
				CLANG_CXX_LIBRARY = "libc++";
				CLANG_ENABLE_MODULES = YES;
				CLANG_ENABLE_OBJC_ARC = YES;
				CLANG_ENABLE_OBJC_WEAK = YES;
				CLANG_WARN_BLOCK_CAPTURE_AUTORELEASING = YES;
				CLANG_WARN_BOOL_CONVERSION = YES;
				CLANG_WARN_COMMA = YES;
				CLANG_WARN_CONSTANT_CONVERSION = YES;
				CLANG_WARN_DEPRECATED_OBJC_IMPLEMENTATIONS = YES;
				CLANG_WARN_DIRECT_OBJC_ISA_USAGE = YES_ERROR;
				CLANG_WARN_DOCUMENTATION_COMMENTS = YES;
				CLANG_WARN_EMPTY_BODY = YES;
				CLANG_WARN_ENUM_CONVERSION = YES;
				CLANG_WARN_INFINITE_RECURSION = YES;
				CLANG_WARN_INT_CONVERSION = YES;
				CLANG_WARN_NON_LITERAL_NULL_CONVERSION = YES;
				CLANG_WARN_OBJC_IMPLICIT_RETAIN_SELF = YES;
				CLANG_WARN_OBJC_LITERAL_CONVERSION = YES;
				CLANG_WARN_OBJC_ROOT_CLASS = YES_ERROR;
				CLANG_WARN_RANGE_LOOP_ANALYSIS = YES;
				CLANG_WARN_STRICT_PROTOTYPES = YES;
				CLANG_WARN_SUSPICIOUS_MOVE = YES;
				CLANG_WARN_UNGUARDED_AVAILABILITY = YES_AGGRESSIVE;
				CLANG_WARN_UNREACHABLE_CODE = YES;
				CLANG_WARN__DUPLICATE_METHOD_MATCH = YES;
				COPY_PHASE_STRIP = NO;
				DEBUG_INFORMATION_FORMAT = dwarf;
				ENABLE_STRICT_OBJC_MSGSEND = YES;
				ENABLE_TESTABILITY = YES;
				GCC_C_LANGUAGE_STANDARD = gnu11;
				GCC_DYNAMIC_NO_PIC = NO;
				GCC_NO_COMMON_BLOCKS = YES;
				GCC_OPTIMIZATION_LEVEL = 0;
				GCC_PREPROCESSOR_DEFINITIONS = (
					"DEBUG=1",
					"$(inherited)",
				);
				GCC_WARN_64_TO_32_BIT_CONVERSION = YES;
				GCC_WARN_ABOUT_RETURN_TYPE = YES_ERROR;
				GCC_WARN_UNDECLARED_SELECTOR = YES;
				GCC_WARN_UNINITIALIZED_AUTOS = YES_AGGRESSIVE;
				GCC_WARN_UNUSED_FUNCTION = YES;
				GCC_WARN_UNUSED_VARIABLE = YES;
				IPHONEOS_DEPLOYMENT_TARGET = 12.0;
				MTL_ENABLE_DEBUG_INFO = INCLUDE_SOURCE;
				MTL_FAST_MATH = YES;
				ONLY_ACTIVE_ARCH = YES;
				SDKROOT = iphoneos;
				SWIFT_ACTIVE_COMPILATION_CONDITIONS = DEBUG;
				SWIFT_OPTIMIZATION_LEVEL = "-Onone";
			};
			name = Debug;
		};
		1A5DEAC72530C7A900ED46A7 /* Release */ = {
			isa = XCBuildConfiguration;
			buildSettings = {
				ALWAYS_SEARCH_USER_PATHS = NO;
				CLANG_ANALYZER_NONNULL = YES;
				CLANG_ANALYZER_NUMBER_OBJECT_CONVERSION = YES_AGGRESSIVE;
				CLANG_CXX_LANGUAGE_STANDARD = "gnu++14";
				CLANG_CXX_LIBRARY = "libc++";
				CLANG_ENABLE_MODULES = YES;
				CLANG_ENABLE_OBJC_ARC = YES;
				CLANG_ENABLE_OBJC_WEAK = YES;
				CLANG_WARN_BLOCK_CAPTURE_AUTORELEASING = YES;
				CLANG_WARN_BOOL_CONVERSION = YES;
				CLANG_WARN_COMMA = YES;
				CLANG_WARN_CONSTANT_CONVERSION = YES;
				CLANG_WARN_DEPRECATED_OBJC_IMPLEMENTATIONS = YES;
				CLANG_WARN_DIRECT_OBJC_ISA_USAGE = YES_ERROR;
				CLANG_WARN_DOCUMENTATION_COMMENTS = YES;
				CLANG_WARN_EMPTY_BODY = YES;
				CLANG_WARN_ENUM_CONVERSION = YES;
				CLANG_WARN_INFINITE_RECURSION = YES;
				CLANG_WARN_INT_CONVERSION = YES;
				CLANG_WARN_NON_LITERAL_NULL_CONVERSION = YES;
				CLANG_WARN_OBJC_IMPLICIT_RETAIN_SELF = YES;
				CLANG_WARN_OBJC_LITERAL_CONVERSION = YES;
				CLANG_WARN_OBJC_ROOT_CLASS = YES_ERROR;
				CLANG_WARN_RANGE_LOOP_ANALYSIS = YES;
				CLANG_WARN_STRICT_PROTOTYPES = YES;
				CLANG_WARN_SUSPICIOUS_MOVE = YES;
				CLANG_WARN_UNGUARDED_AVAILABILITY = YES_AGGRESSIVE;
				CLANG_WARN_UNREACHABLE_CODE = YES;
				CLANG_WARN__DUPLICATE_METHOD_MATCH = YES;
				COPY_PHASE_STRIP = NO;
				DEBUG_INFORMATION_FORMAT = "dwarf-with-dsym";
				ENABLE_NS_ASSERTIONS = NO;
				ENABLE_STRICT_OBJC_MSGSEND = YES;
				GCC_C_LANGUAGE_STANDARD = gnu11;
				GCC_NO_COMMON_BLOCKS = YES;
				GCC_WARN_64_TO_32_BIT_CONVERSION = YES;
				GCC_WARN_ABOUT_RETURN_TYPE = YES_ERROR;
				GCC_WARN_UNDECLARED_SELECTOR = YES;
				GCC_WARN_UNINITIALIZED_AUTOS = YES_AGGRESSIVE;
				GCC_WARN_UNUSED_FUNCTION = YES;
				GCC_WARN_UNUSED_VARIABLE = YES;
				IPHONEOS_DEPLOYMENT_TARGET = 12.0;
				MTL_ENABLE_DEBUG_INFO = NO;
				MTL_FAST_MATH = YES;
				SDKROOT = iphoneos;
				SWIFT_COMPILATION_MODE = wholemodule;
				SWIFT_OPTIMIZATION_LEVEL = "-O";
				VALIDATE_PRODUCT = YES;
			};
			name = Release;
		};
		1A5DEAC92530C7AA00ED46A7 /* Debug */ = {
			isa = XCBuildConfiguration;
			buildSettings = {
				ASSETCATALOG_COMPILER_APPICON_NAME = AppIcon;
				CODE_SIGN_STYLE = Automatic;
				DEVELOPMENT_TEAM = R785F6B4QR;
				INFOPLIST_FILE = SoundCloudWave/Info.plist;
				LD_RUNPATH_SEARCH_PATHS = (
					"$(inherited)",
					"@executable_path/Frameworks",
				);
				PRODUCT_BUNDLE_IDENTIFIER = jungstier.SoundCloudWave;
				PRODUCT_NAME = "$(TARGET_NAME)";
				SWIFT_VERSION = 5.0;
				TARGETED_DEVICE_FAMILY = "1,2";
			};
			name = Debug;
		};
		1A5DEACA2530C7AA00ED46A7 /* Release */ = {
			isa = XCBuildConfiguration;
			buildSettings = {
				ASSETCATALOG_COMPILER_APPICON_NAME = AppIcon;
				CODE_SIGN_STYLE = Automatic;
				DEVELOPMENT_TEAM = R785F6B4QR;
				INFOPLIST_FILE = SoundCloudWave/Info.plist;
				LD_RUNPATH_SEARCH_PATHS = (
					"$(inherited)",
					"@executable_path/Frameworks",
				);
				PRODUCT_BUNDLE_IDENTIFIER = jungstier.SoundCloudWave;
				PRODUCT_NAME = "$(TARGET_NAME)";
				SWIFT_VERSION = 5.0;
				TARGETED_DEVICE_FAMILY = "1,2";
			};
			name = Release;
		};
		1A5DEACC2530C7AA00ED46A7 /* Debug */ = {
			isa = XCBuildConfiguration;
			buildSettings = {
				ALWAYS_EMBED_SWIFT_STANDARD_LIBRARIES = YES;
				BUNDLE_LOADER = "$(TEST_HOST)";
				CODE_SIGN_STYLE = Automatic;
				DEVELOPMENT_TEAM = R785F6B4QR;
				INFOPLIST_FILE = SoundCloudWaveTests/Info.plist;
				IPHONEOS_DEPLOYMENT_TARGET = 12.0;
				LD_RUNPATH_SEARCH_PATHS = (
					"$(inherited)",
					"@executable_path/Frameworks",
					"@loader_path/Frameworks",
				);
				PRODUCT_BUNDLE_IDENTIFIER = jungstier.SoundCloudWaveTests;
				PRODUCT_NAME = "$(TARGET_NAME)";
				SWIFT_VERSION = 5.0;
				TARGETED_DEVICE_FAMILY = "1,2";
				TEST_HOST = "$(BUILT_PRODUCTS_DIR)/SoundCloudWave.app/SoundCloudWave";
			};
			name = Debug;
		};
		1A5DEACD2530C7AA00ED46A7 /* Release */ = {
			isa = XCBuildConfiguration;
			buildSettings = {
				ALWAYS_EMBED_SWIFT_STANDARD_LIBRARIES = YES;
				BUNDLE_LOADER = "$(TEST_HOST)";
				CODE_SIGN_STYLE = Automatic;
				DEVELOPMENT_TEAM = R785F6B4QR;
				INFOPLIST_FILE = SoundCloudWaveTests/Info.plist;
				IPHONEOS_DEPLOYMENT_TARGET = 12.0;
				LD_RUNPATH_SEARCH_PATHS = (
					"$(inherited)",
					"@executable_path/Frameworks",
					"@loader_path/Frameworks",
				);
				PRODUCT_BUNDLE_IDENTIFIER = jungstier.SoundCloudWaveTests;
				PRODUCT_NAME = "$(TARGET_NAME)";
				SWIFT_VERSION = 5.0;
				TARGETED_DEVICE_FAMILY = "1,2";
				TEST_HOST = "$(BUILT_PRODUCTS_DIR)/SoundCloudWave.app/SoundCloudWave";
			};
			name = Release;
		};
		1A5DEACF2530C7AA00ED46A7 /* Debug */ = {
			isa = XCBuildConfiguration;
			buildSettings = {
				ALWAYS_EMBED_SWIFT_STANDARD_LIBRARIES = YES;
				CODE_SIGN_STYLE = Automatic;
				DEVELOPMENT_TEAM = R785F6B4QR;
				INFOPLIST_FILE = SoundCloudWaveUITests/Info.plist;
				IPHONEOS_DEPLOYMENT_TARGET = 13.2;
				LD_RUNPATH_SEARCH_PATHS = (
					"$(inherited)",
					"@executable_path/Frameworks",
					"@loader_path/Frameworks",
				);
				PRODUCT_BUNDLE_IDENTIFIER = jungstier.SoundCloudWaveUITests;
				PRODUCT_NAME = "$(TARGET_NAME)";
				SWIFT_VERSION = 5.0;
				TARGETED_DEVICE_FAMILY = "1,2";
				TEST_TARGET_NAME = SoundCloudWave;
			};
			name = Debug;
		};
		1A5DEAD02530C7AA00ED46A7 /* Release */ = {
			isa = XCBuildConfiguration;
			buildSettings = {
				ALWAYS_EMBED_SWIFT_STANDARD_LIBRARIES = YES;
				CODE_SIGN_STYLE = Automatic;
				DEVELOPMENT_TEAM = R785F6B4QR;
				INFOPLIST_FILE = SoundCloudWaveUITests/Info.plist;
				IPHONEOS_DEPLOYMENT_TARGET = 13.2;
				LD_RUNPATH_SEARCH_PATHS = (
					"$(inherited)",
					"@executable_path/Frameworks",
					"@loader_path/Frameworks",
				);
				PRODUCT_BUNDLE_IDENTIFIER = jungstier.SoundCloudWaveUITests;
				PRODUCT_NAME = "$(TARGET_NAME)";
				SWIFT_VERSION = 5.0;
				TARGETED_DEVICE_FAMILY = "1,2";
				TEST_TARGET_NAME = SoundCloudWave;
			};
			name = Release;
		};
		1A5DEAD22530C7AA00ED46A7 /* Debug */ = {
			isa = XCBuildConfiguration;
			buildSettings = {
				ALWAYS_EMBED_SWIFT_STANDARD_LIBRARIES = YES;
				BUNDLE_LOADER = "$(TEST_HOST)";
				CODE_SIGN_STYLE = Automatic;
				DEVELOPMENT_TEAM = R785F6B4QR;
				INFOPLIST_FILE = SoundCloudWaveTests/Info.plist;
				IPHONEOS_DEPLOYMENT_TARGET = 12.0;
				LD_RUNPATH_SEARCH_PATHS = (
					"$(inherited)",
					"@executable_path/Frameworks",
					"@loader_path/Frameworks",
				);
				PRODUCT_BUNDLE_IDENTIFIER = jungstier.SoundCloudWaveTests;
				PRODUCT_NAME = "$(TARGET_NAME)";
				SWIFT_VERSION = 5.0;
				TARGETED_DEVICE_FAMILY = "1,2";
				TEST_HOST = "$(BUILT_PRODUCTS_DIR)/SoundCloudWave.app/SoundCloudWave";
			};
			name = Debug;
		};
		1A5DEAD32530C7AA00ED46A7 /* Release */ = {
			isa = XCBuildConfiguration;
			buildSettings = {
				ALWAYS_EMBED_SWIFT_STANDARD_LIBRARIES = YES;
				BUNDLE_LOADER = "$(TEST_HOST)";
				CODE_SIGN_STYLE = Automatic;
				DEVELOPMENT_TEAM = R785F6B4QR;
				INFOPLIST_FILE = SoundCloudWaveTests/Info.plist;
				IPHONEOS_DEPLOYMENT_TARGET = 12.0;
				LD_RUNPATH_SEARCH_PATHS = (
					"$(inherited)",
					"@executable_path/Frameworks",
					"@loader_path/Frameworks",
				);
				PRODUCT_BUNDLE_IDENTIFIER = jungstier.SoundCloudWaveTests;
				PRODUCT_NAME = "$(TARGET_NAME)";
				SWIFT_VERSION = 5.0;
				TARGETED_DEVICE_FAMILY = "1,2";
				TEST_HOST = "$(BUILT_PRODUCTS_DIR)/SoundCloudWave.app/SoundCloudWave";
			};
			name = Release;
		};
		1A5DEAD52530C7AA00ED46A7 /* Debug */ = {
			isa = XCBuildConfiguration;
			buildSettings = {
				ALWAYS_EMBED_SWIFT_STANDARD_LIBRARIES = YES;
				CODE_SIGN_STYLE = Automatic;
				DEVELOPMENT_TEAM = R785F6B4QR;
				INFOPLIST_FILE = SoundCloudWaveUITests/Info.plist;
				IPHONEOS_DEPLOYMENT_TARGET = 13.2;
				LD_RUNPATH_SEARCH_PATHS = (
					"$(inherited)",
					"@executable_path/Frameworks",
					"@loader_path/Frameworks",
				);
				PRODUCT_BUNDLE_IDENTIFIER = jungstier.SoundCloudWaveUITests;
				PRODUCT_NAME = "$(TARGET_NAME)";
				SWIFT_VERSION = 5.0;
				TARGETED_DEVICE_FAMILY = "1,2";
				TEST_TARGET_NAME = SoundCloudWave;
			};
			name = Debug;
		};
		1A5DEAD62530C7AA00ED46A7 /* Release */ = {
			isa = XCBuildConfiguration;
			buildSettings = {
				ALWAYS_EMBED_SWIFT_STANDARD_LIBRARIES = YES;
				CODE_SIGN_STYLE = Automatic;
				DEVELOPMENT_TEAM = R785F6B4QR;
				INFOPLIST_FILE = SoundCloudWaveUITests/Info.plist;
				IPHONEOS_DEPLOYMENT_TARGET = 13.2;
				LD_RUNPATH_SEARCH_PATHS = (
					"$(inherited)",
					"@executable_path/Frameworks",
					"@loader_path/Frameworks",
				);
				PRODUCT_BUNDLE_IDENTIFIER = jungstier.SoundCloudWaveUITests;
				PRODUCT_NAME = "$(TARGET_NAME)";
				SWIFT_VERSION = 5.0;
				TARGETED_DEVICE_FAMILY = "1,2";
				TEST_TARGET_NAME = SoundCloudWave;
			};
			name = Release;
		};
/* End XCBuildConfiguration section */

/* Begin XCConfigurationList section */
		1A5DEA832530C7A600ED46A7 /* Build configuration list for PBXProject "SoundCloudWave" */ = {
			isa = XCConfigurationList;
			buildConfigurations = (
				1A5DEAC62530C7A900ED46A7 /* Debug */,
				1A5DEAC72530C7A900ED46A7 /* Release */,
			);
			defaultConfigurationIsVisible = 0;
			defaultConfigurationName = Release;
		};
		1A5DEAC82530C7AA00ED46A7 /* Build configuration list for PBXNativeTarget "SoundCloudWave" */ = {
			isa = XCConfigurationList;
			buildConfigurations = (
				1A5DEAC92530C7AA00ED46A7 /* Debug */,
				1A5DEACA2530C7AA00ED46A7 /* Release */,
			);
			defaultConfigurationIsVisible = 0;
			defaultConfigurationName = Release;
		};
		1A5DEACB2530C7AA00ED46A7 /* Build configuration list for PBXNativeTarget "SoundCloudWaveTests" */ = {
			isa = XCConfigurationList;
			buildConfigurations = (
				1A5DEACC2530C7AA00ED46A7 /* Debug */,
				1A5DEACD2530C7AA00ED46A7 /* Release */,
			);
			defaultConfigurationIsVisible = 0;
			defaultConfigurationName = Release;
		};
		1A5DEACE2530C7AA00ED46A7 /* Build configuration list for PBXNativeTarget "SoundCloudWaveUITests" */ = {
			isa = XCConfigurationList;
			buildConfigurations = (
				1A5DEACF2530C7AA00ED46A7 /* Debug */,
				1A5DEAD02530C7AA00ED46A7 /* Release */,
			);
			defaultConfigurationIsVisible = 0;
			defaultConfigurationName = Release;
		};
		1A5DEAD12530C7AA00ED46A7 /* Build configuration list for PBXNativeTarget "SoundCloudWaveTests" */ = {
			isa = XCConfigurationList;
			buildConfigurations = (
				1A5DEAD22530C7AA00ED46A7 /* Debug */,
				1A5DEAD32530C7AA00ED46A7 /* Release */,
			);
			defaultConfigurationIsVisible = 0;
			defaultConfigurationName = Release;
		};
		1A5DEAD42530C7AA00ED46A7 /* Build configuration list for PBXNativeTarget "SoundCloudWaveUITests" */ = {
			isa = XCConfigurationList;
			buildConfigurations = (
				1A5DEAD52530C7AA00ED46A7 /* Debug */,
				1A5DEAD62530C7AA00ED46A7 /* Release */,
			);
			defaultConfigurationIsVisible = 0;
			defaultConfigurationName = Release;
		};
/* End XCConfigurationList section */

/* Begin XCVersionGroup section */
		1A5DEA912530C7A600ED46A7 /* SoundCloudWave.xcdatamodeld */ = {
			isa = XCVersionGroup;
			children = (
				1A5DEA922530C7A600ED46A7 /* SoundCloudWave.xcdatamodel */,
			);
			currentVersion = 1A5DEA922530C7A600ED46A7 /* SoundCloudWave.xcdatamodel */;
			path = SoundCloudWave.xcdatamodeld;
			sourceTree = "<group>";
			versionGroupType = wrapper.xcdatamodel;
		};
/* End XCVersionGroup section */
	};
	rootObject = 1A5DEA802530C7A600ED46A7 /* Project object */;
}
